
Microsoft Visual Studio Solution File, Format Version 12.00
# Visual Studio Version 17
VisualStudioVersion = 17.5.33530.505
MinimumVisualStudioVersion = 10.0.40219.1
Project("{FAE04EC0-301F-11D3-BF4B-00C04F79EFBC}") = "c-sharp lecture", "c-sharp lecture\c-sharp lecture.csproj", "{16BAC632-93C8-48A1-9AD5-4DBAA839049F}"
EndProject
Global
	GlobalSection(SolutionConfigurationPlatforms) = preSolution
		Debug|Any CPU = Debug|Any CPU
		Release|Any CPU = Release|Any CPU
	EndGlobalSection
	GlobalSection(ProjectConfigurationPlatforms) = postSolution
		{16BAC632-93C8-48A1-9AD5-4DBAA839049F}.Debug|Any CPU.ActiveCfg = Debug|Any CPU
		{16BAC632-93C8-48A1-9AD5-4DBAA839049F}.Debug|Any CPU.Build.0 = Debug|Any CPU
		{16BAC632-93C8-48A1-9AD5-4DBAA839049F}.Release|Any CPU.ActiveCfg = Release|Any CPU
		{16BAC632-93C8-48A1-9AD5-4DBAA839049F}.Release|Any CPU.Build.0 = Release|Any CPU
	EndGlobalSection
	GlobalSection(SolutionProperties) = preSolution
		HideSolutionNode = FALSE
	EndGlobalSection
	GlobalSection(ExtensibilityGlobals) = postSolution
		SolutionGuid = {A6F00837-2CF6-431C-8161-AD9B194CC02F}
	EndGlobalSection
EndGlobal
